// !$*UTF8*$!
{
	archiveVersion = 1;
	classes = {
	};
	objectVersion = 56;
	objects = {

/* Begin PBXBuildFile section */
		0659952D1B44B9CF1B91C412 /* Pods_moment.framework in Frameworks */ = {isa = PBXBuildFile; fileRef = C11EA4C3CDB5E5C98CAC1ED8 /* Pods_moment.framework */; };
		303E13256CDB08D4A4B7EC82 /* Pods_momentTests.framework in Frameworks */ = {isa = PBXBuildFile; fileRef = 84B4CCA9BCCA1A69CE913EDC /* Pods_momentTests.framework */; };
		5C8A256F2BB0F6BF006D8E28 /* ViewController.swift in Sources */ = {isa = PBXBuildFile; fileRef = 5C8A256E2BB0F6BF006D8E28 /* ViewController.swift */; };
		5C8A25722BB0F6BF006D8E28 /* Base in Resources */ = {isa = PBXBuildFile; fileRef = 5C8A25712BB0F6BF006D8E28 /* Base */; };
		5C8A25742BB0F6C0006D8E28 /* Assets.xcassets in Resources */ = {isa = PBXBuildFile; fileRef = 5C8A25732BB0F6C0006D8E28 /* Assets.xcassets */; };
		5C8A25772BB0F6C0006D8E28 /* Base in Resources */ = {isa = PBXBuildFile; fileRef = 5C8A25762BB0F6C0006D8E28 /* Base */; };
		5C8A25822BB0F6C0006D8E28 /* momentTests.swift in Sources */ = {isa = PBXBuildFile; fileRef = 5C8A25812BB0F6C0006D8E28 /* momentTests.swift */; };
		5C8A258C2BB0F6C0006D8E28 /* momentUITests.swift in Sources */ = {isa = PBXBuildFile; fileRef = 5C8A258B2BB0F6C0006D8E28 /* momentUITests.swift */; };
		5C8A258E2BB0F6C0006D8E28 /* momentUITestsLaunchTests.swift in Sources */ = {isa = PBXBuildFile; fileRef = 5C8A258D2BB0F6C0006D8E28 /* momentUITestsLaunchTests.swift */; };
		5C8A259C2BB22FCE006D8E28 /* MessageModel.swift in Sources */ = {isa = PBXBuildFile; fileRef = 5C8A259B2BB22FCE006D8E28 /* MessageModel.swift */; };
		5C8A26032BB70CA3006D8E28 /* MomentConfigPara.swift in Sources */ = {isa = PBXBuildFile; fileRef = 5C8A26022BB70CA3006D8E28 /* MomentConfigPara.swift */; };
		5C8A26062BB73220006D8E28 /* AppExtensionConf.swift in Sources */ = {isa = PBXBuildFile; fileRef = 5C8A26052BB73220006D8E28 /* AppExtensionConf.swift */; };
		5C8A26092BB739C0006D8E28 /* UIConfig.swift in Sources */ = {isa = PBXBuildFile; fileRef = 5C8A26082BB739C0006D8E28 /* UIConfig.swift */; };
		5C8A260B2BB9FCD1006D8E28 /* RelationManager.swift in Sources */ = {isa = PBXBuildFile; fileRef = 5C8A260A2BB9FCD1006D8E28 /* RelationManager.swift */; };
		5C8A260D2BBA0351006D8E28 /* DataBaseManager.swift in Sources */ = {isa = PBXBuildFile; fileRef = 5C8A260C2BBA0351006D8E28 /* DataBaseManager.swift */; };
		5C8A260F2BBC1C64006D8E28 /* AppDelegateExtenstion.swift in Sources */ = {isa = PBXBuildFile; fileRef = 5C8A260E2BBC1C64006D8E28 /* AppDelegateExtenstion.swift */; };
		5C8A26182BBD760D006D8E28 /* 1.jpeg in Resources */ = {isa = PBXBuildFile; fileRef = 5C8A26112BBD760D006D8E28 /* 1.jpeg */; };
		5C8A26192BBD760D006D8E28 /* 2.jpeg in Resources */ = {isa = PBXBuildFile; fileRef = 5C8A26122BBD760D006D8E28 /* 2.jpeg */; };
		5C8A261A2BBD760D006D8E28 /* 3.jpeg in Resources */ = {isa = PBXBuildFile; fileRef = 5C8A26132BBD760D006D8E28 /* 3.jpeg */; };
		5C8A261B2BBD760D006D8E28 /* 4.jpeg in Resources */ = {isa = PBXBuildFile; fileRef = 5C8A26142BBD760D006D8E28 /* 4.jpeg */; };
		5C8A261C2BBD760D006D8E28 /* 5.jpeg in Resources */ = {isa = PBXBuildFile; fileRef = 5C8A26152BBD760D006D8E28 /* 5.jpeg */; };
		5C8A261D2BBD760D006D8E28 /* 6.jpeg in Resources */ = {isa = PBXBuildFile; fileRef = 5C8A26162BBD760D006D8E28 /* 6.jpeg */; };
		5C8A261F2BBD7BDE006D8E28 /* ConfigCell.swift in Sources */ = {isa = PBXBuildFile; fileRef = 5C8A261E2BBD7BDE006D8E28 /* ConfigCell.swift */; };
		5C8A26222BBD9910006D8E28 /* ExtensionView.swift in Sources */ = {isa = PBXBuildFile; fileRef = 5C8A26212BBD990F006D8E28 /* ExtensionView.swift */; };
		5C8A26252BBEF007006D8E28 /* BaseView.swift in Sources */ = {isa = PBXBuildFile; fileRef = 5C8A26242BBEF007006D8E28 /* BaseView.swift */; };
		5C8A26282BBEFABC006D8E28 /* BaseController.swift in Sources */ = {isa = PBXBuildFile; fileRef = 5C8A26272BBEFABC006D8E28 /* BaseController.swift */; };
		5C8A262A2BC026FC006D8E28 /* MomentController.swift in Sources */ = {isa = PBXBuildFile; fileRef = 5C8A26292BC026FC006D8E28 /* MomentController.swift */; };
		5C8A262C2BC02D05006D8E28 /* data.swift in Sources */ = {isa = PBXBuildFile; fileRef = 5C8A262B2BC02D05006D8E28 /* data.swift */; };
		5C8A262E2BC03A67006D8E28 /* BaseViewController.swift in Sources */ = {isa = PBXBuildFile; fileRef = 5C8A262D2BC03A67006D8E28 /* BaseViewController.swift */; };
		5C8A26302BC056A0006D8E28 /* BaseTableView.swift in Sources */ = {isa = PBXBuildFile; fileRef = 5C8A262F2BC056A0006D8E28 /* BaseTableView.swift */; };
		5C8A26342BC0A630006D8E28 /* 7.jpeg in Resources */ = {isa = PBXBuildFile; fileRef = 5C8A26312BC0A630006D8E28 /* 7.jpeg */; };
		5C8A26352BC0A630006D8E28 /* 0.jpeg in Resources */ = {isa = PBXBuildFile; fileRef = 5C8A26322BC0A630006D8E28 /* 0.jpeg */; };
		5C8A26362BC0A630006D8E28 /* 8.jpeg in Resources */ = {isa = PBXBuildFile; fileRef = 5C8A26332BC0A630006D8E28 /* 8.jpeg */; };
		5C8A26382BC0B399006D8E28 /* ScrollView.swift in Sources */ = {isa = PBXBuildFile; fileRef = 5C8A26372BC0B399006D8E28 /* ScrollView.swift */; };
		5C8A263A2BC0B51D006D8E28 /* PhotoViewController.swift in Sources */ = {isa = PBXBuildFile; fileRef = 5C8A26392BC0B51D006D8E28 /* PhotoViewController.swift */; };
		5C8A263C2BC0B6E7006D8E28 /* BaseCollectionView.swift in Sources */ = {isa = PBXBuildFile; fileRef = 5C8A263B2BC0B6E7006D8E28 /* BaseCollectionView.swift */; };
		5CFDB2942BF7930C00935145 /* AppDelegate.swift in Sources */ = {isa = PBXBuildFile; fileRef = 5C8A256A2BB0F6BF006D8E28 /* AppDelegate.swift */; };
		5CFDB2982BFF1BE500935145 /* Example.swift in Sources */ = {isa = PBXBuildFile; fileRef = 5CFDB2972BFF1BE500935145 /* Example.swift */; };
		A2AE7187E418D43EB0E3A3E8 /* Pods_moment_momentUITests.framework in Frameworks */ = {isa = PBXBuildFile; fileRef = 53C1B38856F846DD6C368B1F /* Pods_moment_momentUITests.framework */; };
/* End PBXBuildFile section */

/* Begin PBXContainerItemProxy section */
		5C8A257E2BB0F6C0006D8E28 /* PBXContainerItemProxy */ = {
			isa = PBXContainerItemProxy;
			containerPortal = 5C8A255F2BB0F6BF006D8E28 /* Project object */;
			proxyType = 1;
			remoteGlobalIDString = 5C8A25662BB0F6BF006D8E28;
			remoteInfo = moment;
		};
		5C8A25882BB0F6C0006D8E28 /* PBXContainerItemProxy */ = {
			isa = PBXContainerItemProxy;
			containerPortal = 5C8A255F2BB0F6BF006D8E28 /* Project object */;
			proxyType = 1;
			remoteGlobalIDString = 5C8A25662BB0F6BF006D8E28;
			remoteInfo = moment;
		};
/* End PBXContainerItemProxy section */

/* Begin PBXFileReference section */
		3654C30461BD6D7BFF08968B /* Pods-moment-momentUITests.release.xcconfig */ = {isa = PBXFileReference; includeInIndex = 1; lastKnownFileType = text.xcconfig; name = "Pods-moment-momentUITests.release.xcconfig"; path = "Target Support Files/Pods-moment-momentUITests/Pods-moment-momentUITests.release.xcconfig"; sourceTree = "<group>"; };
		4A67080ABBE0E25D7AA423E6 /* Pods-momentTests.release.xcconfig */ = {isa = PBXFileReference; includeInIndex = 1; lastKnownFileType = text.xcconfig; name = "Pods-momentTests.release.xcconfig"; path = "Target Support Files/Pods-momentTests/Pods-momentTests.release.xcconfig"; sourceTree = "<group>"; };
		53C1B38856F846DD6C368B1F /* Pods_moment_momentUITests.framework */ = {isa = PBXFileReference; explicitFileType = wrapper.framework; includeInIndex = 0; path = Pods_moment_momentUITests.framework; sourceTree = BUILT_PRODUCTS_DIR; };
		5C8A25672BB0F6BF006D8E28 /* moment.app */ = {isa = PBXFileReference; explicitFileType = wrapper.application; includeInIndex = 0; path = moment.app; sourceTree = BUILT_PRODUCTS_DIR; };
		5C8A256A2BB0F6BF006D8E28 /* AppDelegate.swift */ = {isa = PBXFileReference; lastKnownFileType = sourcecode.swift; path = AppDelegate.swift; sourceTree = "<group>"; wrapsLines = 0; };
		5C8A256E2BB0F6BF006D8E28 /* ViewController.swift */ = {isa = PBXFileReference; lastKnownFileType = sourcecode.swift; path = ViewController.swift; sourceTree = "<group>"; };
		5C8A25712BB0F6BF006D8E28 /* Base */ = {isa = PBXFileReference; lastKnownFileType = file.storyboard; name = Base; path = Base.lproj/Main.storyboard; sourceTree = "<group>"; };
		5C8A25732BB0F6C0006D8E28 /* Assets.xcassets */ = {isa = PBXFileReference; lastKnownFileType = folder.assetcatalog; path = Assets.xcassets; sourceTree = "<group>"; };
		5C8A25762BB0F6C0006D8E28 /* Base */ = {isa = PBXFileReference; lastKnownFileType = file.storyboard; name = Base; path = Base.lproj/LaunchScreen.storyboard; sourceTree = "<group>"; };
		5C8A25782BB0F6C0006D8E28 /* Info.plist */ = {isa = PBXFileReference; lastKnownFileType = text.plist.xml; path = Info.plist; sourceTree = "<group>"; };
		5C8A257D2BB0F6C0006D8E28 /* momentTests.xctest */ = {isa = PBXFileReference; explicitFileType = wrapper.cfbundle; includeInIndex = 0; path = momentTests.xctest; sourceTree = BUILT_PRODUCTS_DIR; };
		5C8A25812BB0F6C0006D8E28 /* momentTests.swift */ = {isa = PBXFileReference; lastKnownFileType = sourcecode.swift; path = momentTests.swift; sourceTree = "<group>"; };
		5C8A25872BB0F6C0006D8E28 /* momentUITests.xctest */ = {isa = PBXFileReference; explicitFileType = wrapper.cfbundle; includeInIndex = 0; path = momentUITests.xctest; sourceTree = BUILT_PRODUCTS_DIR; };
		5C8A258B2BB0F6C0006D8E28 /* momentUITests.swift */ = {isa = PBXFileReference; lastKnownFileType = sourcecode.swift; path = momentUITests.swift; sourceTree = "<group>"; };
		5C8A258D2BB0F6C0006D8E28 /* momentUITestsLaunchTests.swift */ = {isa = PBXFileReference; lastKnownFileType = sourcecode.swift; path = momentUITestsLaunchTests.swift; sourceTree = "<group>"; };
		5C8A259B2BB22FCE006D8E28 /* MessageModel.swift */ = {isa = PBXFileReference; lastKnownFileType = sourcecode.swift; path = MessageModel.swift; sourceTree = "<group>"; };
		5C8A26022BB70CA3006D8E28 /* MomentConfigPara.swift */ = {isa = PBXFileReference; lastKnownFileType = sourcecode.swift; path = MomentConfigPara.swift; sourceTree = "<group>"; };
		5C8A26052BB73220006D8E28 /* AppExtensionConf.swift */ = {isa = PBXFileReference; lastKnownFileType = sourcecode.swift; path = AppExtensionConf.swift; sourceTree = "<group>"; };
		5C8A26082BB739C0006D8E28 /* UIConfig.swift */ = {isa = PBXFileReference; lastKnownFileType = sourcecode.swift; path = UIConfig.swift; sourceTree = "<group>"; };
		5C8A260A2BB9FCD1006D8E28 /* RelationManager.swift */ = {isa = PBXFileReference; lastKnownFileType = sourcecode.swift; path = RelationManager.swift; sourceTree = "<group>"; };
		5C8A260C2BBA0351006D8E28 /* DataBaseManager.swift */ = {isa = PBXFileReference; lastKnownFileType = sourcecode.swift; path = DataBaseManager.swift; sourceTree = "<group>"; };
		5C8A260E2BBC1C64006D8E28 /* AppDelegateExtenstion.swift */ = {isa = PBXFileReference; lastKnownFileType = sourcecode.swift; path = AppDelegateExtenstion.swift; sourceTree = "<group>"; };
		5C8A26112BBD760D006D8E28 /* 1.jpeg */ = {isa = PBXFileReference; lastKnownFileType = image.jpeg; path = 1.jpeg; sourceTree = "<group>"; };
		5C8A26122BBD760D006D8E28 /* 2.jpeg */ = {isa = PBXFileReference; lastKnownFileType = image.jpeg; path = 2.jpeg; sourceTree = "<group>"; };
		5C8A26132BBD760D006D8E28 /* 3.jpeg */ = {isa = PBXFileReference; lastKnownFileType = image.jpeg; path = 3.jpeg; sourceTree = "<group>"; };
		5C8A26142BBD760D006D8E28 /* 4.jpeg */ = {isa = PBXFileReference; lastKnownFileType = image.jpeg; path = 4.jpeg; sourceTree = "<group>"; };
		5C8A26152BBD760D006D8E28 /* 5.jpeg */ = {isa = PBXFileReference; lastKnownFileType = image.jpeg; path = 5.jpeg; sourceTree = "<group>"; };
		5C8A26162BBD760D006D8E28 /* 6.jpeg */ = {isa = PBXFileReference; lastKnownFileType = image.jpeg; path = 6.jpeg; sourceTree = "<group>"; };
		5C8A261E2BBD7BDE006D8E28 /* ConfigCell.swift */ = {isa = PBXFileReference; lastKnownFileType = sourcecode.swift; path = ConfigCell.swift; sourceTree = "<group>"; };
		5C8A26212BBD990F006D8E28 /* ExtensionView.swift */ = {isa = PBXFileReference; lastKnownFileType = sourcecode.swift; path = ExtensionView.swift; sourceTree = "<group>"; };
		5C8A26242BBEF007006D8E28 /* BaseView.swift */ = {isa = PBXFileReference; lastKnownFileType = sourcecode.swift; path = BaseView.swift; sourceTree = "<group>"; };
		5C8A26272BBEFABC006D8E28 /* BaseController.swift */ = {isa = PBXFileReference; lastKnownFileType = sourcecode.swift; path = BaseController.swift; sourceTree = "<group>"; };
		5C8A26292BC026FC006D8E28 /* MomentController.swift */ = {isa = PBXFileReference; lastKnownFileType = sourcecode.swift; path = MomentController.swift; sourceTree = "<group>"; };
		5C8A262B2BC02D05006D8E28 /* data.swift */ = {isa = PBXFileReference; lastKnownFileType = sourcecode.swift; path = data.swift; sourceTree = "<group>"; };
		5C8A262D2BC03A67006D8E28 /* BaseViewController.swift */ = {isa = PBXFileReference; lastKnownFileType = sourcecode.swift; path = BaseViewController.swift; sourceTree = "<group>"; };
		5C8A262F2BC056A0006D8E28 /* BaseTableView.swift */ = {isa = PBXFileReference; lastKnownFileType = sourcecode.swift; path = BaseTableView.swift; sourceTree = "<group>"; };
		5C8A26312BC0A630006D8E28 /* 7.jpeg */ = {isa = PBXFileReference; lastKnownFileType = image.jpeg; path = 7.jpeg; sourceTree = "<group>"; };
		5C8A26322BC0A630006D8E28 /* 0.jpeg */ = {isa = PBXFileReference; lastKnownFileType = image.jpeg; path = 0.jpeg; sourceTree = "<group>"; };
		5C8A26332BC0A630006D8E28 /* 8.jpeg */ = {isa = PBXFileReference; lastKnownFileType = image.jpeg; path = 8.jpeg; sourceTree = "<group>"; };
		5C8A26372BC0B399006D8E28 /* ScrollView.swift */ = {isa = PBXFileReference; lastKnownFileType = sourcecode.swift; path = ScrollView.swift; sourceTree = "<group>"; };
		5C8A26392BC0B51D006D8E28 /* PhotoViewController.swift */ = {isa = PBXFileReference; lastKnownFileType = sourcecode.swift; path = PhotoViewController.swift; sourceTree = "<group>"; };
		5C8A263B2BC0B6E7006D8E28 /* BaseCollectionView.swift */ = {isa = PBXFileReference; lastKnownFileType = sourcecode.swift; path = BaseCollectionView.swift; sourceTree = "<group>"; };
		5CFDB2972BFF1BE500935145 /* Example.swift */ = {isa = PBXFileReference; lastKnownFileType = sourcecode.swift; path = Example.swift; sourceTree = "<group>"; };
		84B4CCA9BCCA1A69CE913EDC /* Pods_momentTests.framework */ = {isa = PBXFileReference; explicitFileType = wrapper.framework; includeInIndex = 0; path = Pods_momentTests.framework; sourceTree = BUILT_PRODUCTS_DIR; };
		A17B793CC6B8A7D2533B6241 /* Pods-momentTests.debug.xcconfig */ = {isa = PBXFileReference; includeInIndex = 1; lastKnownFileType = text.xcconfig; name = "Pods-momentTests.debug.xcconfig"; path = "Target Support Files/Pods-momentTests/Pods-momentTests.debug.xcconfig"; sourceTree = "<group>"; };
		AA35AFAA98B55BA818EAD3D4 /* Pods-moment.release.xcconfig */ = {isa = PBXFileReference; includeInIndex = 1; lastKnownFileType = text.xcconfig; name = "Pods-moment.release.xcconfig"; path = "Target Support Files/Pods-moment/Pods-moment.release.xcconfig"; sourceTree = "<group>"; };
		C11EA4C3CDB5E5C98CAC1ED8 /* Pods_moment.framework */ = {isa = PBXFileReference; explicitFileType = wrapper.framework; includeInIndex = 0; path = Pods_moment.framework; sourceTree = BUILT_PRODUCTS_DIR; };
		E74BB89C005CED984178B4E4 /* Pods-moment-momentUITests.debug.xcconfig */ = {isa = PBXFileReference; includeInIndex = 1; lastKnownFileType = text.xcconfig; name = "Pods-moment-momentUITests.debug.xcconfig"; path = "Target Support Files/Pods-moment-momentUITests/Pods-moment-momentUITests.debug.xcconfig"; sourceTree = "<group>"; };
		F6A470463AA548EFECA7FE8A /* Pods-moment.debug.xcconfig */ = {isa = PBXFileReference; includeInIndex = 1; lastKnownFileType = text.xcconfig; name = "Pods-moment.debug.xcconfig"; path = "Target Support Files/Pods-moment/Pods-moment.debug.xcconfig"; sourceTree = "<group>"; };
/* End PBXFileReference section */

/* Begin PBXFrameworksBuildPhase section */
		5C8A25642BB0F6BF006D8E28 /* Frameworks */ = {
			isa = PBXFrameworksBuildPhase;
			buildActionMask = 2147483647;
			files = (
				0659952D1B44B9CF1B91C412 /* Pods_moment.framework in Frameworks */,
			);
			runOnlyForDeploymentPostprocessing = 0;
		};
		5C8A257A2BB0F6C0006D8E28 /* Frameworks */ = {
			isa = PBXFrameworksBuildPhase;
			buildActionMask = 2147483647;
			files = (
				303E13256CDB08D4A4B7EC82 /* Pods_momentTests.framework in Frameworks */,
			);
			runOnlyForDeploymentPostprocessing = 0;
		};
		5C8A25842BB0F6C0006D8E28 /* Frameworks */ = {
			isa = PBXFrameworksBuildPhase;
			buildActionMask = 2147483647;
			files = (
				A2AE7187E418D43EB0E3A3E8 /* Pods_moment_momentUITests.framework in Frameworks */,
			);
			runOnlyForDeploymentPostprocessing = 0;
		};
/* End PBXFrameworksBuildPhase section */

/* Begin PBXGroup section */
		5C8A255E2BB0F6BF006D8E28 = {
			isa = PBXGroup;
			children = (
				5CFDB2972BFF1BE500935145 /* Example.swift */,
				5C8A25692BB0F6BF006D8E28 /* moment */,
				5C8A25802BB0F6C0006D8E28 /* momentTests */,
				5C8A258A2BB0F6C0006D8E28 /* momentUITests */,
				5C8A25682BB0F6BF006D8E28 /* Products */,
				619D37E59FEBFBAB1AB6C4BB /* Pods */,
				EAAE93B6C21A2FCF851BD7AB /* Frameworks */,
			);
			sourceTree = "<group>";
		};
		5C8A25682BB0F6BF006D8E28 /* Products */ = {
			isa = PBXGroup;
			children = (
				5C8A25672BB0F6BF006D8E28 /* moment.app */,
				5C8A257D2BB0F6C0006D8E28 /* momentTests.xctest */,
				5C8A25872BB0F6C0006D8E28 /* momentUITests.xctest */,
			);
			name = Products;
			sourceTree = "<group>";
		};
		5C8A25692BB0F6BF006D8E28 /* moment */ = {
			isa = PBXGroup;
			children = (
				5C8A26202BBD7BED006D8E28 /* Cell */,
				5C8A26262BBEFA95006D8E28 /* Controller */,
				5C8A26232BBEEFF8006D8E28 /* View */,
				5C8A26172BBD760D006D8E28 /* assert */,
				5C8A26072BB73879006D8E28 /* Config */,
				5C8A26042BB731F2006D8E28 /* extension */,
				5C8A259A2BB22FB1006D8E28 /* Models */,
				5C8A256A2BB0F6BF006D8E28 /* AppDelegate.swift */,
				5C8A256E2BB0F6BF006D8E28 /* ViewController.swift */,
				5C8A25702BB0F6BF006D8E28 /* Main.storyboard */,
				5C8A25732BB0F6C0006D8E28 /* Assets.xcassets */,
				5C8A25752BB0F6C0006D8E28 /* LaunchScreen.storyboard */,
				5C8A25782BB0F6C0006D8E28 /* Info.plist */,
			);
			path = moment;
			sourceTree = "<group>";
		};
		5C8A25802BB0F6C0006D8E28 /* momentTests */ = {
			isa = PBXGroup;
			children = (
				5C8A25812BB0F6C0006D8E28 /* momentTests.swift */,
			);
			path = momentTests;
			sourceTree = "<group>";
		};
		5C8A258A2BB0F6C0006D8E28 /* momentUITests */ = {
			isa = PBXGroup;
			children = (
				5C8A258B2BB0F6C0006D8E28 /* momentUITests.swift */,
				5C8A258D2BB0F6C0006D8E28 /* momentUITestsLaunchTests.swift */,
			);
			path = momentUITests;
			sourceTree = "<group>";
		};
		5C8A259A2BB22FB1006D8E28 /* Models */ = {
			isa = PBXGroup;
			children = (
				5C8A259B2BB22FCE006D8E28 /* MessageModel.swift */,
				5C8A262B2BC02D05006D8E28 /* data.swift */,
			);
			path = Models;
			sourceTree = "<group>";
		};
		5C8A26042BB731F2006D8E28 /* extension */ = {
			isa = PBXGroup;
			children = (
				5C8A26052BB73220006D8E28 /* AppExtensionConf.swift */,
				5C8A260E2BBC1C64006D8E28 /* AppDelegateExtenstion.swift */,
				5C8A26212BBD990F006D8E28 /* ExtensionView.swift */,
			);
			path = extension;
			sourceTree = "<group>";
		};
		5C8A26072BB73879006D8E28 /* Config */ = {
			isa = PBXGroup;
			children = (
				5C8A26022BB70CA3006D8E28 /* MomentConfigPara.swift */,
				5C8A26082BB739C0006D8E28 /* UIConfig.swift */,
				5C8A260A2BB9FCD1006D8E28 /* RelationManager.swift */,
				5C8A260C2BBA0351006D8E28 /* DataBaseManager.swift */,
			);
			path = Config;
			sourceTree = "<group>";
		};
		5C8A26172BBD760D006D8E28 /* assert */ = {
			isa = PBXGroup;
			children = (
				5C8A26322BC0A630006D8E28 /* 0.jpeg */,
				5C8A26312BC0A630006D8E28 /* 7.jpeg */,
				5C8A26332BC0A630006D8E28 /* 8.jpeg */,
				5C8A26112BBD760D006D8E28 /* 1.jpeg */,
				5C8A26122BBD760D006D8E28 /* 2.jpeg */,
				5C8A26132BBD760D006D8E28 /* 3.jpeg */,
				5C8A26142BBD760D006D8E28 /* 4.jpeg */,
				5C8A26152BBD760D006D8E28 /* 5.jpeg */,
				5C8A26162BBD760D006D8E28 /* 6.jpeg */,
			);
			name = assert;
			path = moment/assert;
			sourceTree = SOURCE_ROOT;
		};
		5C8A26202BBD7BED006D8E28 /* Cell */ = {
			isa = PBXGroup;
			children = (
				5C8A261E2BBD7BDE006D8E28 /* ConfigCell.swift */,
			);
			path = Cell;
			sourceTree = "<group>";
		};
		5C8A26232BBEEFF8006D8E28 /* View */ = {
			isa = PBXGroup;
			children = (
				5C8A26242BBEF007006D8E28 /* BaseView.swift */,
				5C8A262F2BC056A0006D8E28 /* BaseTableView.swift */,
				5C8A26372BC0B399006D8E28 /* ScrollView.swift */,
			);
			path = View;
			sourceTree = "<group>";
		};
		5C8A26262BBEFA95006D8E28 /* Controller */ = {
			isa = PBXGroup;
			children = (
				5C8A26272BBEFABC006D8E28 /* BaseController.swift */,
				5C8A26292BC026FC006D8E28 /* MomentController.swift */,
				5C8A262D2BC03A67006D8E28 /* BaseViewController.swift */,
				5C8A26392BC0B51D006D8E28 /* PhotoViewController.swift */,
				5C8A263B2BC0B6E7006D8E28 /* BaseCollectionView.swift */,
			);
			path = Controller;
			sourceTree = "<group>";
		};
		619D37E59FEBFBAB1AB6C4BB /* Pods */ = {
			isa = PBXGroup;
			children = (
				F6A470463AA548EFECA7FE8A /* Pods-moment.debug.xcconfig */,
				AA35AFAA98B55BA818EAD3D4 /* Pods-moment.release.xcconfig */,
				E74BB89C005CED984178B4E4 /* Pods-moment-momentUITests.debug.xcconfig */,
				3654C30461BD6D7BFF08968B /* Pods-moment-momentUITests.release.xcconfig */,
				A17B793CC6B8A7D2533B6241 /* Pods-momentTests.debug.xcconfig */,
				4A67080ABBE0E25D7AA423E6 /* Pods-momentTests.release.xcconfig */,
			);
			path = Pods;
			sourceTree = "<group>";
		};
		EAAE93B6C21A2FCF851BD7AB /* Frameworks */ = {
			isa = PBXGroup;
			children = (
				C11EA4C3CDB5E5C98CAC1ED8 /* Pods_moment.framework */,
				53C1B38856F846DD6C368B1F /* Pods_moment_momentUITests.framework */,
				84B4CCA9BCCA1A69CE913EDC /* Pods_momentTests.framework */,
			);
			name = Frameworks;
			sourceTree = "<group>";
		};
/* End PBXGroup section */

/* Begin PBXNativeTarget section */
		5C8A25662BB0F6BF006D8E28 /* moment */ = {
			isa = PBXNativeTarget;
			buildConfigurationList = 5C8A25912BB0F6C0006D8E28 /* Build configuration list for PBXNativeTarget "moment" */;
			buildPhases = (
				CDABE83E06754EF45AE36059 /* [CP] Check Pods Manifest.lock */,
				5C8A25632BB0F6BF006D8E28 /* Sources */,
				5C8A25642BB0F6BF006D8E28 /* Frameworks */,
				5C8A25652BB0F6BF006D8E28 /* Resources */,
				6D8660544776C598E3281771 /* [CP] Embed Pods Frameworks */,
			);
			buildRules = (
			);
			dependencies = (
			);
			name = moment;
			productName = moment;
			productReference = 5C8A25672BB0F6BF006D8E28 /* moment.app */;
			productType = "com.apple.product-type.application";
		};
		5C8A257C2BB0F6C0006D8E28 /* momentTests */ = {
			isa = PBXNativeTarget;
			buildConfigurationList = 5C8A25942BB0F6C0006D8E28 /* Build configuration list for PBXNativeTarget "momentTests" */;
			buildPhases = (
				CA73D0948AE78FBAF43372C7 /* [CP] Check Pods Manifest.lock */,
				5C8A25792BB0F6C0006D8E28 /* Sources */,
				5C8A257A2BB0F6C0006D8E28 /* Frameworks */,
				5C8A257B2BB0F6C0006D8E28 /* Resources */,
			);
			buildRules = (
			);
			dependencies = (
				5C8A257F2BB0F6C0006D8E28 /* PBXTargetDependency */,
			);
			name = momentTests;
			productName = momentTests;
			productReference = 5C8A257D2BB0F6C0006D8E28 /* momentTests.xctest */;
			productType = "com.apple.product-type.bundle.unit-test";
		};
		5C8A25862BB0F6C0006D8E28 /* momentUITests */ = {
			isa = PBXNativeTarget;
			buildConfigurationList = 5C8A25972BB0F6C0006D8E28 /* Build configuration list for PBXNativeTarget "momentUITests" */;
			buildPhases = (
				7F5F743C346751786EE7BC62 /* [CP] Check Pods Manifest.lock */,
				5C8A25832BB0F6C0006D8E28 /* Sources */,
				5C8A25842BB0F6C0006D8E28 /* Frameworks */,
				5C8A25852BB0F6C0006D8E28 /* Resources */,
				CF1C5D929195E4BE79833DC4 /* [CP] Embed Pods Frameworks */,
			);
			buildRules = (
			);
			dependencies = (
				5C8A25892BB0F6C0006D8E28 /* PBXTargetDependency */,
			);
			name = momentUITests;
			productName = momentUITests;
			productReference = 5C8A25872BB0F6C0006D8E28 /* momentUITests.xctest */;
			productType = "com.apple.product-type.bundle.ui-testing";
		};
/* End PBXNativeTarget section */

/* Begin PBXProject section */
		5C8A255F2BB0F6BF006D8E28 /* Project object */ = {
			isa = PBXProject;
			attributes = {
				BuildIndependentTargetsInParallel = 1;
				LastSwiftUpdateCheck = 1530;
				LastUpgradeCheck = 1530;
				TargetAttributes = {
					5C8A25662BB0F6BF006D8E28 = {
						CreatedOnToolsVersion = 15.3;
					};
					5C8A257C2BB0F6C0006D8E28 = {
						CreatedOnToolsVersion = 15.3;
						TestTargetID = 5C8A25662BB0F6BF006D8E28;
					};
					5C8A25862BB0F6C0006D8E28 = {
						CreatedOnToolsVersion = 15.3;
						TestTargetID = 5C8A25662BB0F6BF006D8E28;
					};
				};
			};
			buildConfigurationList = 5C8A25622BB0F6BF006D8E28 /* Build configuration list for PBXProject "moment" */;
			compatibilityVersion = "Xcode 14.0";
			developmentRegion = en;
			hasScannedForEncodings = 0;
			knownRegions = (
				en,
				Base,
			);
			mainGroup = 5C8A255E2BB0F6BF006D8E28;
			productRefGroup = 5C8A25682BB0F6BF006D8E28 /* Products */;
			projectDirPath = "";
			projectRoot = "";
			targets = (
				5C8A25662BB0F6BF006D8E28 /* moment */,
				5C8A257C2BB0F6C0006D8E28 /* momentTests */,
				5C8A25862BB0F6C0006D8E28 /* momentUITests */,
			);
		};
/* End PBXProject section */

/* Begin PBXResourcesBuildPhase section */
		5C8A25652BB0F6BF006D8E28 /* Resources */ = {
			isa = PBXResourcesBuildPhase;
			buildActionMask = 2147483647;
			files = (
				5C8A26192BBD760D006D8E28 /* 2.jpeg in Resources */,
				5C8A26352BC0A630006D8E28 /* 0.jpeg in Resources */,
				5C8A26362BC0A630006D8E28 /* 8.jpeg in Resources */,
				5C8A25742BB0F6C0006D8E28 /* Assets.xcassets in Resources */,
				5C8A26182BBD760D006D8E28 /* 1.jpeg in Resources */,
				5C8A261A2BBD760D006D8E28 /* 3.jpeg in Resources */,
				5C8A261B2BBD760D006D8E28 /* 4.jpeg in Resources */,
				5C8A26342BC0A630006D8E28 /* 7.jpeg in Resources */,
				5C8A25772BB0F6C0006D8E28 /* Base in Resources */,
				5C8A261D2BBD760D006D8E28 /* 6.jpeg in Resources */,
				5C8A25722BB0F6BF006D8E28 /* Base in Resources */,
				5C8A261C2BBD760D006D8E28 /* 5.jpeg in Resources */,
			);
			runOnlyForDeploymentPostprocessing = 0;
		};
		5C8A257B2BB0F6C0006D8E28 /* Resources */ = {
			isa = PBXResourcesBuildPhase;
			buildActionMask = 2147483647;
			files = (
			);
			runOnlyForDeploymentPostprocessing = 0;
		};
		5C8A25852BB0F6C0006D8E28 /* Resources */ = {
			isa = PBXResourcesBuildPhase;
			buildActionMask = 2147483647;
			files = (
			);
			runOnlyForDeploymentPostprocessing = 0;
		};
/* End PBXResourcesBuildPhase section */

/* Begin PBXShellScriptBuildPhase section */
		6D8660544776C598E3281771 /* [CP] Embed Pods Frameworks */ = {
			isa = PBXShellScriptBuildPhase;
			buildActionMask = 2147483647;
			files = (
			);
			inputFileListPaths = (
				"${PODS_ROOT}/Target Support Files/Pods-moment/Pods-moment-frameworks-${CONFIGURATION}-input-files.xcfilelist",
			);
			name = "[CP] Embed Pods Frameworks";
			outputFileListPaths = (
				"${PODS_ROOT}/Target Support Files/Pods-moment/Pods-moment-frameworks-${CONFIGURATION}-output-files.xcfilelist",
			);
			runOnlyForDeploymentPostprocessing = 0;
			shellPath = /bin/sh;
			shellScript = "\"${PODS_ROOT}/Target Support Files/Pods-moment/Pods-moment-frameworks.sh\"\n";
			showEnvVarsInLog = 0;
		};
		7F5F743C346751786EE7BC62 /* [CP] Check Pods Manifest.lock */ = {
			isa = PBXShellScriptBuildPhase;
			buildActionMask = 2147483647;
			files = (
			);
			inputFileListPaths = (
			);
			inputPaths = (
				"${PODS_PODFILE_DIR_PATH}/Podfile.lock",
				"${PODS_ROOT}/Manifest.lock",
			);
			name = "[CP] Check Pods Manifest.lock";
			outputFileListPaths = (
			);
			outputPaths = (
				"$(DERIVED_FILE_DIR)/Pods-moment-momentUITests-checkManifestLockResult.txt",
			);
			runOnlyForDeploymentPostprocessing = 0;
			shellPath = /bin/sh;
			shellScript = "diff \"${PODS_PODFILE_DIR_PATH}/Podfile.lock\" \"${PODS_ROOT}/Manifest.lock\" > /dev/null\nif [ $? != 0 ] ; then\n    # print error to STDERR\n    echo \"error: The sandbox is not in sync with the Podfile.lock. Run 'pod install' or update your CocoaPods installation.\" >&2\n    exit 1\nfi\n# This output is used by Xcode 'outputs' to avoid re-running this script phase.\necho \"SUCCESS\" > \"${SCRIPT_OUTPUT_FILE_0}\"\n";
			showEnvVarsInLog = 0;
		};
		CA73D0948AE78FBAF43372C7 /* [CP] Check Pods Manifest.lock */ = {
			isa = PBXShellScriptBuildPhase;
			buildActionMask = 2147483647;
			files = (
			);
			inputFileListPaths = (
			);
			inputPaths = (
				"${PODS_PODFILE_DIR_PATH}/Podfile.lock",
				"${PODS_ROOT}/Manifest.lock",
			);
			name = "[CP] Check Pods Manifest.lock";
			outputFileListPaths = (
			);
			outputPaths = (
				"$(DERIVED_FILE_DIR)/Pods-momentTests-checkManifestLockResult.txt",
			);
			runOnlyForDeploymentPostprocessing = 0;
			shellPath = /bin/sh;
			shellScript = "diff \"${PODS_PODFILE_DIR_PATH}/Podfile.lock\" \"${PODS_ROOT}/Manifest.lock\" > /dev/null\nif [ $? != 0 ] ; then\n    # print error to STDERR\n    echo \"error: The sandbox is not in sync with the Podfile.lock. Run 'pod install' or update your CocoaPods installation.\" >&2\n    exit 1\nfi\n# This output is used by Xcode 'outputs' to avoid re-running this script phase.\necho \"SUCCESS\" > \"${SCRIPT_OUTPUT_FILE_0}\"\n";
			showEnvVarsInLog = 0;
		};
		CDABE83E06754EF45AE36059 /* [CP] Check Pods Manifest.lock */ = {
			isa = PBXShellScriptBuildPhase;
			buildActionMask = 2147483647;
			files = (
			);
			inputFileListPaths = (
			);
			inputPaths = (
				"${PODS_PODFILE_DIR_PATH}/Podfile.lock",
				"${PODS_ROOT}/Manifest.lock",
			);
			name = "[CP] Check Pods Manifest.lock";
			outputFileListPaths = (
			);
			outputPaths = (
				"$(DERIVED_FILE_DIR)/Pods-moment-checkManifestLockResult.txt",
			);
			runOnlyForDeploymentPostprocessing = 0;
			shellPath = /bin/sh;
			shellScript = "diff \"${PODS_PODFILE_DIR_PATH}/Podfile.lock\" \"${PODS_ROOT}/Manifest.lock\" > /dev/null\nif [ $? != 0 ] ; then\n    # print error to STDERR\n    echo \"error: The sandbox is not in sync with the Podfile.lock. Run 'pod install' or update your CocoaPods installation.\" >&2\n    exit 1\nfi\n# This output is used by Xcode 'outputs' to avoid re-running this script phase.\necho \"SUCCESS\" > \"${SCRIPT_OUTPUT_FILE_0}\"\n";
			showEnvVarsInLog = 0;
		};
		CF1C5D929195E4BE79833DC4 /* [CP] Embed Pods Frameworks */ = {
			isa = PBXShellScriptBuildPhase;
			buildActionMask = 2147483647;
			files = (
			);
			inputFileListPaths = (
				"${PODS_ROOT}/Target Support Files/Pods-moment-momentUITests/Pods-moment-momentUITests-frameworks-${CONFIGURATION}-input-files.xcfilelist",
			);
			name = "[CP] Embed Pods Frameworks";
			outputFileListPaths = (
				"${PODS_ROOT}/Target Support Files/Pods-moment-momentUITests/Pods-moment-momentUITests-frameworks-${CONFIGURATION}-output-files.xcfilelist",
			);
			runOnlyForDeploymentPostprocessing = 0;
			shellPath = /bin/sh;
			shellScript = "\"${PODS_ROOT}/Target Support Files/Pods-moment-momentUITests/Pods-moment-momentUITests-frameworks.sh\"\n";
			showEnvVarsInLog = 0;
		};
/* End PBXShellScriptBuildPhase section */

/* Begin PBXSourcesBuildPhase section */
		5C8A25632BB0F6BF006D8E28 /* Sources */ = {
			isa = PBXSourcesBuildPhase;
			buildActionMask = 2147483647;
			files = (
				5CFDB2982BFF1BE500935145 /* Example.swift in Sources */,
				5C8A256F2BB0F6BF006D8E28 /* ViewController.swift in Sources */,
				5C8A26382BC0B399006D8E28 /* ScrollView.swift in Sources */,
				5C8A262A2BC026FC006D8E28 /* MomentController.swift in Sources */,
				5C8A26252BBEF007006D8E28 /* BaseView.swift in Sources */,
				5C8A26282BBEFABC006D8E28 /* BaseController.swift in Sources */,
				5C8A26302BC056A0006D8E28 /* BaseTableView.swift in Sources */,
				5C8A260D2BBA0351006D8E28 /* DataBaseManager.swift in Sources */,
				5C8A260B2BB9FCD1006D8E28 /* RelationManager.swift in Sources */,
				5CFDB2942BF7930C00935145 /* AppDelegate.swift in Sources */,
				5C8A259C2BB22FCE006D8E28 /* MessageModel.swift in Sources */,
				5C8A263A2BC0B51D006D8E28 /* PhotoViewController.swift in Sources */,
				5C8A262E2BC03A67006D8E28 /* BaseViewController.swift in Sources */,
				5C8A26092BB739C0006D8E28 /* UIConfig.swift in Sources */,
				5C8A261F2BBD7BDE006D8E28 /* ConfigCell.swift in Sources */,
				5C8A263C2BC0B6E7006D8E28 /* BaseCollectionView.swift in Sources */,
				5C8A26062BB73220006D8E28 /* AppExtensionConf.swift in Sources */,
				5C8A260F2BBC1C64006D8E28 /* AppDelegateExtenstion.swift in Sources */,
				5C8A26222BBD9910006D8E28 /* ExtensionView.swift in Sources */,
				5C8A26032BB70CA3006D8E28 /* MomentConfigPara.swift in Sources */,
				5C8A262C2BC02D05006D8E28 /* data.swift in Sources */,
			);
			runOnlyForDeploymentPostprocessing = 0;
		};
		5C8A25792BB0F6C0006D8E28 /* Sources */ = {
			isa = PBXSourcesBuildPhase;
			buildActionMask = 2147483647;
			files = (
				5C8A25822BB0F6C0006D8E28 /* momentTests.swift in Sources */,
			);
			runOnlyForDeploymentPostprocessing = 0;
		};
		5C8A25832BB0F6C0006D8E28 /* Sources */ = {
			isa = PBXSourcesBuildPhase;
			buildActionMask = 2147483647;
			files = (
				5C8A258E2BB0F6C0006D8E28 /* momentUITestsLaunchTests.swift in Sources */,
				5C8A258C2BB0F6C0006D8E28 /* momentUITests.swift in Sources */,
			);
			runOnlyForDeploymentPostprocessing = 0;
		};
/* End PBXSourcesBuildPhase section */

/* Begin PBXTargetDependency section */
		5C8A257F2BB0F6C0006D8E28 /* PBXTargetDependency */ = {
			isa = PBXTargetDependency;
			target = 5C8A25662BB0F6BF006D8E28 /* moment */;
			targetProxy = 5C8A257E2BB0F6C0006D8E28 /* PBXContainerItemProxy */;
		};
		5C8A25892BB0F6C0006D8E28 /* PBXTargetDependency */ = {
			isa = PBXTargetDependency;
			target = 5C8A25662BB0F6BF006D8E28 /* moment */;
			targetProxy = 5C8A25882BB0F6C0006D8E28 /* PBXContainerItemProxy */;
		};
/* End PBXTargetDependency section */

/* Begin PBXVariantGroup section */
		5C8A25702BB0F6BF006D8E28 /* Main.storyboard */ = {
			isa = PBXVariantGroup;
			children = (
				5C8A25712BB0F6BF006D8E28 /* Base */,
			);
			name = Main.storyboard;
			sourceTree = "<group>";
		};
		5C8A25752BB0F6C0006D8E28 /* LaunchScreen.storyboard */ = {
			isa = PBXVariantGroup;
			children = (
				5C8A25762BB0F6C0006D8E28 /* Base */,
			);
			name = LaunchScreen.storyboard;
			sourceTree = "<group>";
		};
/* End PBXVariantGroup section */

/* Begin XCBuildConfiguration section */
		5C8A258F2BB0F6C0006D8E28 /* Debug */ = {
			isa = XCBuildConfiguration;
			buildSettings = {
				ALWAYS_SEARCH_USER_PATHS = NO;
				ASSETCATALOG_COMPILER_GENERATE_SWIFT_ASSET_SYMBOL_EXTENSIONS = YES;
				CLANG_ANALYZER_NONNULL = YES;
				CLANG_ANALYZER_NUMBER_OBJECT_CONVERSION = YES_AGGRESSIVE;
				CLANG_CXX_LANGUAGE_STANDARD = "gnu++20";
				CLANG_ENABLE_MODULES = YES;
				CLANG_ENABLE_OBJC_ARC = YES;
				CLANG_ENABLE_OBJC_WEAK = YES;
				CLANG_WARN_BLOCK_CAPTURE_AUTORELEASING = YES;
				CLANG_WARN_BOOL_CONVERSION = YES;
				CLANG_WARN_COMMA = YES;
				CLANG_WARN_CONSTANT_CONVERSION = YES;
				CLANG_WARN_DEPRECATED_OBJC_IMPLEMENTATIONS = YES;
				CLANG_WARN_DIRECT_OBJC_ISA_USAGE = YES_ERROR;
				CLANG_WARN_DOCUMENTATION_COMMENTS = YES;
				CLANG_WARN_EMPTY_BODY = YES;
				CLANG_WARN_ENUM_CONVERSION = YES;
				CLANG_WARN_INFINITE_RECURSION = YES;
				CLANG_WARN_INT_CONVERSION = YES;
				CLANG_WARN_NON_LITERAL_NULL_CONVERSION = YES;
				CLANG_WARN_OBJC_IMPLICIT_RETAIN_SELF = YES;
				CLANG_WARN_OBJC_LITERAL_CONVERSION = YES;
				CLANG_WARN_OBJC_ROOT_CLASS = YES_ERROR;
				CLANG_WARN_QUOTED_INCLUDE_IN_FRAMEWORK_HEADER = YES;
				CLANG_WARN_RANGE_LOOP_ANALYSIS = YES;
				CLANG_WARN_STRICT_PROTOTYPES = YES;
				CLANG_WARN_SUSPICIOUS_MOVE = YES;
				CLANG_WARN_UNGUARDED_AVAILABILITY = YES_AGGRESSIVE;
				CLANG_WARN_UNREACHABLE_CODE = YES;
				CLANG_WARN__DUPLICATE_METHOD_MATCH = YES;
				COPY_PHASE_STRIP = NO;
				DEBUG_INFORMATION_FORMAT = dwarf;
				ENABLE_STRICT_OBJC_MSGSEND = YES;
				ENABLE_TESTABILITY = YES;
				ENABLE_USER_SCRIPT_SANDBOXING = YES;
				GCC_C_LANGUAGE_STANDARD = gnu17;
				GCC_DYNAMIC_NO_PIC = NO;
				GCC_NO_COMMON_BLOCKS = YES;
				GCC_OPTIMIZATION_LEVEL = 0;
				GCC_PREPROCESSOR_DEFINITIONS = (
					"DEBUG=1",
					"$(inherited)",
				);
				GCC_WARN_64_TO_32_BIT_CONVERSION = YES;
				GCC_WARN_ABOUT_RETURN_TYPE = YES_ERROR;
				GCC_WARN_UNDECLARED_SELECTOR = YES;
				GCC_WARN_UNINITIALIZED_AUTOS = YES_AGGRESSIVE;
				GCC_WARN_UNUSED_FUNCTION = YES;
				GCC_WARN_UNUSED_VARIABLE = YES;
				"HEADER_SEARCH_PATHS[arch=*]" = "";
				IPHONEOS_DEPLOYMENT_TARGET = 17.4;
				LOCALIZATION_PREFERS_STRING_CATALOGS = YES;
				MTL_ENABLE_DEBUG_INFO = INCLUDE_SOURCE;
				MTL_FAST_MATH = YES;
				ONLY_ACTIVE_ARCH = YES;
				SDKROOT = iphoneos;
				SWIFT_ACTIVE_COMPILATION_CONDITIONS = "DEBUG $(inherited)";
				SWIFT_OPTIMIZATION_LEVEL = "-Onone";
			};
			name = Debug;
		};
		5C8A25902BB0F6C0006D8E28 /* Release */ = {
			isa = XCBuildConfiguration;
			buildSettings = {
				ALWAYS_SEARCH_USER_PATHS = NO;
				ASSETCATALOG_COMPILER_GENERATE_SWIFT_ASSET_SYMBOL_EXTENSIONS = YES;
				CLANG_ANALYZER_NONNULL = YES;
				CLANG_ANALYZER_NUMBER_OBJECT_CONVERSION = YES_AGGRESSIVE;
				CLANG_CXX_LANGUAGE_STANDARD = "gnu++20";
				CLANG_ENABLE_MODULES = YES;
				CLANG_ENABLE_OBJC_ARC = YES;
				CLANG_ENABLE_OBJC_WEAK = YES;
				CLANG_WARN_BLOCK_CAPTURE_AUTORELEASING = YES;
				CLANG_WARN_BOOL_CONVERSION = YES;
				CLANG_WARN_COMMA = YES;
				CLANG_WARN_CONSTANT_CONVERSION = YES;
				CLANG_WARN_DEPRECATED_OBJC_IMPLEMENTATIONS = YES;
				CLANG_WARN_DIRECT_OBJC_ISA_USAGE = YES_ERROR;
				CLANG_WARN_DOCUMENTATION_COMMENTS = YES;
				CLANG_WARN_EMPTY_BODY = YES;
				CLANG_WARN_ENUM_CONVERSION = YES;
				CLANG_WARN_INFINITE_RECURSION = YES;
				CLANG_WARN_INT_CONVERSION = YES;
				CLANG_WARN_NON_LITERAL_NULL_CONVERSION = YES;
				CLANG_WARN_OBJC_IMPLICIT_RETAIN_SELF = YES;
				CLANG_WARN_OBJC_LITERAL_CONVERSION = YES;
				CLANG_WARN_OBJC_ROOT_CLASS = YES_ERROR;
				CLANG_WARN_QUOTED_INCLUDE_IN_FRAMEWORK_HEADER = YES;
				CLANG_WARN_RANGE_LOOP_ANALYSIS = YES;
				CLANG_WARN_STRICT_PROTOTYPES = YES;
				CLANG_WARN_SUSPICIOUS_MOVE = YES;
				CLANG_WARN_UNGUARDED_AVAILABILITY = YES_AGGRESSIVE;
				CLANG_WARN_UNREACHABLE_CODE = YES;
				CLANG_WARN__DUPLICATE_METHOD_MATCH = YES;
				COPY_PHASE_STRIP = NO;
				DEBUG_INFORMATION_FORMAT = "dwarf-with-dsym";
				ENABLE_NS_ASSERTIONS = NO;
				ENABLE_STRICT_OBJC_MSGSEND = YES;
				ENABLE_USER_SCRIPT_SANDBOXING = YES;
				GCC_C_LANGUAGE_STANDARD = gnu17;
				GCC_NO_COMMON_BLOCKS = YES;
				GCC_WARN_64_TO_32_BIT_CONVERSION = YES;
				GCC_WARN_ABOUT_RETURN_TYPE = YES_ERROR;
				GCC_WARN_UNDECLARED_SELECTOR = YES;
				GCC_WARN_UNINITIALIZED_AUTOS = YES_AGGRESSIVE;
				GCC_WARN_UNUSED_FUNCTION = YES;
				GCC_WARN_UNUSED_VARIABLE = YES;
				"HEADER_SEARCH_PATHS[arch=*]" = (
					"#import",
					"<MMKV/MMKV.h>",
				);
				IPHONEOS_DEPLOYMENT_TARGET = 17.4;
				LOCALIZATION_PREFERS_STRING_CATALOGS = YES;
				MTL_ENABLE_DEBUG_INFO = NO;
				MTL_FAST_MATH = YES;
				SDKROOT = iphoneos;
				SWIFT_COMPILATION_MODE = wholemodule;
				VALIDATE_PRODUCT = YES;
			};
			name = Release;
		};
		5C8A25922BB0F6C0006D8E28 /* Debug */ = {
			isa = XCBuildConfiguration;
			baseConfigurationReference = F6A470463AA548EFECA7FE8A /* Pods-moment.debug.xcconfig */;
			buildSettings = {
				ASSETCATALOG_COMPILER_APPICON_NAME = AppIcon;
				ASSETCATALOG_COMPILER_GLOBAL_ACCENT_COLOR_NAME = AccentColor;
				CODE_SIGN_STYLE = Automatic;
				CURRENT_PROJECT_VERSION = 1;
				DEVELOPMENT_TEAM = "";
				ENABLE_USER_SCRIPT_SANDBOXING = NO;
				"FRAMEWORK_SEARCH_PATHS[arch=*]" = (
					"$(inherited)",
					"\"${PODS_CONFIGURATION_BUILD_DIR}/MMKV\"",
					"\"${PODS_CONFIGURATION_BUILD_DIR}/MMKVCore\"",
				);
				GENERATE_INFOPLIST_FILE = YES;
				"HEADER_SEARCH_PATHS[arch=*]" = /Users/hayete/Desktop/moment/Pods/MMKV/iOS/MMKV/MMKV/MMKV.h;
				INFOPLIST_FILE = moment/Info.plist;
				INFOPLIST_KEY_UIApplicationSupportsIndirectInputEvents = YES;
				INFOPLIST_KEY_UILaunchStoryboardName = LaunchScreen;
				INFOPLIST_KEY_UIMainStoryboardFile = Main;
				INFOPLIST_KEY_UISupportedInterfaceOrientations_iPad = "UIInterfaceOrientationPortrait UIInterfaceOrientationPortraitUpsideDown UIInterfaceOrientationLandscapeLeft UIInterfaceOrientationLandscapeRight";
				INFOPLIST_KEY_UISupportedInterfaceOrientations_iPhone = "UIInterfaceOrientationPortrait UIInterfaceOrientationLandscapeLeft UIInterfaceOrientationLandscapeRight";
				IPHONEOS_DEPLOYMENT_TARGET = 15.3;
				LD_RUNPATH_SEARCH_PATHS = (
					"$(inherited)",
					"@executable_path/Frameworks",
				);
				MARKETING_VERSION = 1.0;
				PRODUCT_BUNDLE_IDENTIFIER = com.wechat.moment;
				PRODUCT_NAME = "$(TARGET_NAME)";
				SWIFT_EMIT_LOC_STRINGS = YES;
				SWIFT_VERSION = 5.0;
				TARGETED_DEVICE_FAMILY = "1,2";
			};
			name = Debug;
		};
		5C8A25932BB0F6C0006D8E28 /* Release */ = {
			isa = XCBuildConfiguration;
			baseConfigurationReference = AA35AFAA98B55BA818EAD3D4 /* Pods-moment.release.xcconfig */;
			buildSettings = {
				ASSETCATALOG_COMPILER_APPICON_NAME = AppIcon;
				ASSETCATALOG_COMPILER_GLOBAL_ACCENT_COLOR_NAME = AccentColor;
				CODE_SIGN_STYLE = Automatic;
				CURRENT_PROJECT_VERSION = 1;
				DEVELOPMENT_TEAM = "";
				ENABLE_USER_SCRIPT_SANDBOXING = NO;
				GENERATE_INFOPLIST_FILE = YES;
				"HEADER_SEARCH_PATHS[arch=*]" = /Users/hayete/Desktop/moment/Pods/MMKV/iOS/MMKV/MMKV/MMKV.h;
				INFOPLIST_FILE = moment/Info.plist;
				INFOPLIST_KEY_UIApplicationSupportsIndirectInputEvents = YES;
				INFOPLIST_KEY_UILaunchStoryboardName = LaunchScreen;
				INFOPLIST_KEY_UIMainStoryboardFile = Main;
				INFOPLIST_KEY_UISupportedInterfaceOrientations_iPad = "UIInterfaceOrientationPortrait UIInterfaceOrientationPortraitUpsideDown UIInterfaceOrientationLandscapeLeft UIInterfaceOrientationLandscapeRight";
				INFOPLIST_KEY_UISupportedInterfaceOrientations_iPhone = "UIInterfaceOrientationPortrait UIInterfaceOrientationLandscapeLeft UIInterfaceOrientationLandscapeRight";
				IPHONEOS_DEPLOYMENT_TARGET = 15.3;
				LD_RUNPATH_SEARCH_PATHS = (
					"$(inherited)",
					"@executable_path/Frameworks",
				);
				MARKETING_VERSION = 1.0;
				PRODUCT_BUNDLE_IDENTIFIER = com.wechat.moment;
				PRODUCT_NAME = "$(TARGET_NAME)";
				SWIFT_EMIT_LOC_STRINGS = YES;
				SWIFT_VERSION = 5.0;
				TARGETED_DEVICE_FAMILY = "1,2";
			};
			name = Release;
		};
		5C8A25952BB0F6C0006D8E28 /* Debug */ = {
			isa = XCBuildConfiguration;
			baseConfigurationReference = A17B793CC6B8A7D2533B6241 /* Pods-momentTests.debug.xcconfig */;
			buildSettings = {
				ALWAYS_EMBED_SWIFT_STANDARD_LIBRARIES = YES;
				BUNDLE_LOADER = "$(TEST_HOST)";
				CODE_SIGN_STYLE = Automatic;
				CURRENT_PROJECT_VERSION = 1;
				GENERATE_INFOPLIST_FILE = YES;
				IPHONEOS_DEPLOYMENT_TARGET = 17.4;
				MARKETING_VERSION = 1.0;
				PRODUCT_BUNDLE_IDENTIFIER = com.wechat.momentTests;
				PRODUCT_NAME = "$(TARGET_NAME)";
				SWIFT_EMIT_LOC_STRINGS = NO;
				SWIFT_VERSION = 5.0;
				TARGETED_DEVICE_FAMILY = "1,2";
				TEST_HOST = "$(BUILT_PRODUCTS_DIR)/moment.app/$(BUNDLE_EXECUTABLE_FOLDER_PATH)/moment";
			};
			name = Debug;
		};
		5C8A25962BB0F6C0006D8E28 /* Release */ = {
			isa = XCBuildConfiguration;
			baseConfigurationReference = 4A67080ABBE0E25D7AA423E6 /* Pods-momentTests.release.xcconfig */;
			buildSettings = {
				ALWAYS_EMBED_SWIFT_STANDARD_LIBRARIES = YES;
				BUNDLE_LOADER = "$(TEST_HOST)";
				CODE_SIGN_STYLE = Automatic;
				CURRENT_PROJECT_VERSION = 1;
				GENERATE_INFOPLIST_FILE = YES;
				IPHONEOS_DEPLOYMENT_TARGET = 17.4;
				MARKETING_VERSION = 1.0;
				PRODUCT_BUNDLE_IDENTIFIER = com.wechat.momentTests;
				PRODUCT_NAME = "$(TARGET_NAME)";
				SWIFT_EMIT_LOC_STRINGS = NO;
				SWIFT_VERSION = 5.0;
				TARGETED_DEVICE_FAMILY = "1,2";
				TEST_HOST = "$(BUILT_PRODUCTS_DIR)/moment.app/$(BUNDLE_EXECUTABLE_FOLDER_PATH)/moment";
			};
			name = Release;
		};
		5C8A25982BB0F6C0006D8E28 /* Debug */ = {
			isa = XCBuildConfiguration;
			baseConfigurationReference = E74BB89C005CED984178B4E4 /* Pods-moment-momentUITests.debug.xcconfig */;
			buildSettings = {
				ALWAYS_EMBED_SWIFT_STANDARD_LIBRARIES = YES;
				CODE_SIGN_STYLE = Automatic;
				CURRENT_PROJECT_VERSION = 1;
				GENERATE_INFOPLIST_FILE = YES;
				MARKETING_VERSION = 1.0;
				PRODUCT_BUNDLE_IDENTIFIER = com.wechat.momentUITests;
				PRODUCT_NAME = "$(TARGET_NAME)";
				SWIFT_EMIT_LOC_STRINGS = NO;
				SWIFT_VERSION = 5.0;
				TARGETED_DEVICE_FAMILY = "1,2";
				TEST_TARGET_NAME = moment;
			};
			name = Debug;
		};
		5C8A25992BB0F6C0006D8E28 /* Release */ = {
			isa = XCBuildConfiguration;
			baseConfigurationReference = 3654C30461BD6D7BFF08968B /* Pods-moment-momentUITests.release.xcconfig */;
			buildSettings = {
				ALWAYS_EMBED_SWIFT_STANDARD_LIBRARIES = YES;
				CODE_SIGN_STYLE = Automatic;
				CURRENT_PROJECT_VERSION = 1;
				GENERATE_INFOPLIST_FILE = YES;
				MARKETING_VERSION = 1.0;
				PRODUCT_BUNDLE_IDENTIFIER = com.wechat.momentUITests;
				PRODUCT_NAME = "$(TARGET_NAME)";
				SWIFT_EMIT_LOC_STRINGS = NO;
				SWIFT_VERSION = 5.0;
				TARGETED_DEVICE_FAMILY = "1,2";
				TEST_TARGET_NAME = moment;
			};
			name = Release;
		};
/* End XCBuildConfiguration section */

/* Begin XCConfigurationList section */
		5C8A25622BB0F6BF006D8E28 /* Build configuration list for PBXProject "moment" */ = {
			isa = XCConfigurationList;
			buildConfigurations = (
				5C8A258F2BB0F6C0006D8E28 /* Debug */,
				5C8A25902BB0F6C0006D8E28 /* Release */,
			);
			defaultConfigurationIsVisible = 0;
			defaultConfigurationName = Release;
		};
		5C8A25912BB0F6C0006D8E28 /* Build configuration list for PBXNativeTarget "moment" */ = {
			isa = XCConfigurationList;
			buildConfigurations = (
				5C8A25922BB0F6C0006D8E28 /* Debug */,
				5C8A25932BB0F6C0006D8E28 /* Release */,
			);
			defaultConfigurationIsVisible = 0;
			defaultConfigurationName = Release;
		};
		5C8A25942BB0F6C0006D8E28 /* Build configuration list for PBXNativeTarget "momentTests" */ = {
			isa = XCConfigurationList;
			buildConfigurations = (
				5C8A25952BB0F6C0006D8E28 /* Debug */,
				5C8A25962BB0F6C0006D8E28 /* Release */,
			);
			defaultConfigurationIsVisible = 0;
			defaultConfigurationName = Release;
		};
		5C8A25972BB0F6C0006D8E28 /* Build configuration list for PBXNativeTarget "momentUITests" */ = {
			isa = XCConfigurationList;
			buildConfigurations = (
				5C8A25982BB0F6C0006D8E28 /* Debug */,
				5C8A25992BB0F6C0006D8E28 /* Release */,
			);
			defaultConfigurationIsVisible = 0;
			defaultConfigurationName = Release;
		};
/* End XCConfigurationList section */
	};
	rootObject = 5C8A255F2BB0F6BF006D8E28 /* Project object */;
}
